PODS:
  - DownloadToGo (3.3.0):
    - GCDWebServer (~> 3.3.3)
    - M3U8Kit (~> 0.2.1)
    - PlayKitUtils (~> 0.1.4)
    - RealmSwift (~> 2.8.3)
    - XCGLogger (~> 6.0.1)
  - GCDWebServer (3.3.3):
    - GCDWebServer/Core (= 3.3.3)
  - GCDWebServer/Core (3.3.3)
  - KalturaNetKit (0.0.17):
    - KalturaNetKit/Core (= 0.0.17)
  - KalturaNetKit/Core (0.0.17):
    - SwiftyJSON
  - Log (1.0)
  - M3U8Kit (0.2.1)
  - Nimble (7.0.2)
  - ObjcExceptionBridging (1.0.1):
    - ObjcExceptionBridging/ObjcExceptionBridging (= 1.0.1)
  - ObjcExceptionBridging/ObjcExceptionBridging (1.0.1)
  - PlayKit (3.4.0):
    - PlayKit/Core (= 3.4.0)
  - PlayKit/Core (3.4.0):
    - KalturaNetKit (~> 0.0)
    - Log (= 1.0)
    - PlayKitUtils (= 0.1.4)
    - SwiftyJSON (= 3.1.4)
    - SwiftyXMLParser (= 3.0.3)
  - PlayKitUtils (0.1.4)
  - Quick (1.2.0)
  - Realm (2.8.3):
    - Realm/Headers (= 2.8.3)
  - Realm/Headers (2.8.3)
  - RealmSwift (2.8.3):
    - Realm (= 2.8.3)
  - SwiftyJSON (3.1.4)
  - SwiftyXMLParser (3.0.3)
  - Toast-Swift (3.0.1)
  - XCGLogger (6.0.2):
    - XCGLogger/Core (= 6.0.2)
  - XCGLogger/Core (6.0.2):
    - ObjcExceptionBridging

DEPENDENCIES:
  - DownloadToGo (from `..`)
  - M3U8Kit (from `https://github.com/kaltura/M3U8Paser`, tag `k0.2.2`)
  - Nimble (= 7.0.2)
  - PlayKit
  - Quick (= 1.2.0)
  - Toast-Swift

EXTERNAL SOURCES:
  DownloadToGo:
    :path: ..
  M3U8Kit:
    :git: https://github.com/kaltura/M3U8Paser
    :tag: k0.2.2

CHECKOUT OPTIONS:
  M3U8Kit:
    :git: https://github.com/kaltura/M3U8Paser
    :tag: k0.2.2

SPEC CHECKSUMS:
  DownloadToGo: 8d1a6fc1f014050883c659f428f3de60346f97a3
  GCDWebServer: 1c39a1f0763e4eb492bee021e4270fce097d3555
  KalturaNetKit: d37b3c6fc08da9935677fc547c59b25abc3574a3
  Log: 5e368c9528db07517d18d2d04ff5fe2b6f5a1e21
  M3U8Kit: 3e0f7feef04a775252b41c0fa91de7e1fe8f188c
  Nimble: bfe1f814edabba69ff145cb1283e04ed636a67f2
  ObjcExceptionBridging: c30e00eb3700467e695faeea30e26e18bd445001
  PlayKit: 89d6010a58df781281119a319e08e91614fa6cd0
  PlayKitUtils: 8f03f72690805e20718be6f913547e0966c835f9
  Quick: 58d203b1c5e27fff7229c4c1ae445ad7069a7a08
  Realm: 3601ef091c8c499a31101d8563b991e75546cdce
  RealmSwift: 8183818515471b01a99abdd2970f8e4fd52b6f4a
  SwiftyJSON: c2842d878f95482ffceec5709abc3d05680c0220
  SwiftyXMLParser: 9c6cc0310e778266a63d8eba50d9e07925aab0fb
  Toast-Swift: ba0b01b095aada709d915f9beb1d38184a2721c3
  XCGLogger: c9601cae9a8912de34a58666ba931ed3d624dd31

PODFILE CHECKSUM: 3950ea9780e9d0e2b43380a5b5c3c0f28d315334

COCOAPODS: 1.4.0
